
Microsoft Visual Studio Solution File, Format Version 12.00
Project("{FAE04EC0-301F-11D3-BF4B-00C04F79EFBC}") = "TravelBooking.Domain", "TravelBooking.Domain\TravelBooking.Domain.csproj", "{A2FC422C-55A1-43D0-AFE0-FFEC82A443A9}"
EndProject
Project("{FAE04EC0-301F-11D3-BF4B-00C04F79EFBC}") = "TravelBooking.Application", "TravelBooking.Application\TravelBooking.Application.csproj", "{962D037B-5301-4126-87B9-75D9E58EB66A}"
EndProject
Project("{FAE04EC0-301F-11D3-BF4B-00C04F79EFBC}") = "TravelBooking.Infrastructure", "TravelBooking.Infrastructure\TravelBooking.Infrastructure.csproj", "{140B7492-7AE5-4822-85A4-67998B7D3B82}"
EndProject
Project("{FAE04EC0-301F-11D3-BF4B-00C04F79EFBC}") = "TravelBooking.Web", "TravelBooking.Web\TravelBooking.Web.csproj", "{EC2AEE36-E17A-4959-92BA-FAD5E69FC9E6}"
EndProject
Project("{FAE04EC0-301F-11D3-BF4B-00C04F79EFBC}") = "Application.Tests", "Application.Tests\Application.Tests.csproj", "{8184FEC2-016E-43C4-94C8-8C2D7470AF07}"
EndProject
Project("{FAE04EC0-301F-11D3-BF4B-00C04F79EFBC}") = "Infrastructure.Tests", "Infrastructure.Tests\Infrastructure.Tests.csproj", "{75EF3A59-8B8E-494D-8217-D7F5601AB8AA}"
EndProject
Global
	GlobalSection(SolutionConfigurationPlatforms) = preSolution
		Debug|Any CPU = Debug|Any CPU
		Release|Any CPU = Release|Any CPU
	EndGlobalSection
	GlobalSection(ProjectConfigurationPlatforms) = postSolution
		{A2FC422C-55A1-43D0-AFE0-FFEC82A443A9}.Debug|Any CPU.ActiveCfg = Debug|Any CPU
		{A2FC422C-55A1-43D0-AFE0-FFEC82A443A9}.Debug|Any CPU.Build.0 = Debug|Any CPU
		{A2FC422C-55A1-43D0-AFE0-FFEC82A443A9}.Release|Any CPU.ActiveCfg = Release|Any CPU
		{A2FC422C-55A1-43D0-AFE0-FFEC82A443A9}.Release|Any CPU.Build.0 = Release|Any CPU
		{962D037B-5301-4126-87B9-75D9E58EB66A}.Debug|Any CPU.ActiveCfg = Debug|Any CPU
		{962D037B-5301-4126-87B9-75D9E58EB66A}.Debug|Any CPU.Build.0 = Debug|Any CPU
		{962D037B-5301-4126-87B9-75D9E58EB66A}.Release|Any CPU.ActiveCfg = Release|Any CPU
		{962D037B-5301-4126-87B9-75D9E58EB66A}.Release|Any CPU.Build.0 = Release|Any CPU
		{140B7492-7AE5-4822-85A4-67998B7D3B82}.Debug|Any CPU.ActiveCfg = Debug|Any CPU
		{140B7492-7AE5-4822-85A4-67998B7D3B82}.Debug|Any CPU.Build.0 = Debug|Any CPU
		{140B7492-7AE5-4822-85A4-67998B7D3B82}.Release|Any CPU.ActiveCfg = Release|Any CPU
		{140B7492-7AE5-4822-85A4-67998B7D3B82}.Release|Any CPU.Build.0 = Release|Any CPU
		{EC2AEE36-E17A-4959-92BA-FAD5E69FC9E6}.Debug|Any CPU.ActiveCfg = Debug|Any CPU
		{EC2AEE36-E17A-4959-92BA-FAD5E69FC9E6}.Debug|Any CPU.Build.0 = Debug|Any CPU
		{EC2AEE36-E17A-4959-92BA-FAD5E69FC9E6}.Release|Any CPU.ActiveCfg = Release|Any CPU
		{EC2AEE36-E17A-4959-92BA-FAD5E69FC9E6}.Release|Any CPU.Build.0 = Release|Any CPU
		{8184FEC2-016E-43C4-94C8-8C2D7470AF07}.Debug|Any CPU.ActiveCfg = Debug|Any CPU
		{8184FEC2-016E-43C4-94C8-8C2D7470AF07}.Debug|Any CPU.Build.0 = Debug|Any CPU
		{8184FEC2-016E-43C4-94C8-8C2D7470AF07}.Release|Any CPU.ActiveCfg = Release|Any CPU
		{8184FEC2-016E-43C4-94C8-8C2D7470AF07}.Release|Any CPU.Build.0 = Release|Any CPU
		{75EF3A59-8B8E-494D-8217-D7F5601AB8AA}.Debug|Any CPU.ActiveCfg = Debug|Any CPU
		{75EF3A59-8B8E-494D-8217-D7F5601AB8AA}.Debug|Any CPU.Build.0 = Debug|Any CPU
		{75EF3A59-8B8E-494D-8217-D7F5601AB8AA}.Release|Any CPU.ActiveCfg = Release|Any CPU
		{75EF3A59-8B8E-494D-8217-D7F5601AB8AA}.Release|Any CPU.Build.0 = Release|Any CPU
	EndGlobalSection
EndGlobal
